
Microsoft Visual Studio Solution File, Format Version 12.00
# Visual Studio Version 17
VisualStudioVersion = 17.11.35222.181
MinimumVisualStudioVersion = 10.0.40219.1
Project("{FAE04EC0-301F-11D3-BF4B-00C04F79EFBC}") = "Lr6.Net", "Lr6.Net.csproj", "{EFC17283-FD54-4C11-B7EB-CE1DA31BB167}"
EndProject
Global
	GlobalSection(SolutionConfigurationPlatforms) = preSolution
		Debug|Any CPU = Debug|Any CPU
		Release|Any CPU = Release|Any CPU
	EndGlobalSection
	GlobalSection(ProjectConfigurationPlatforms) = postSolution
		{EFC17283-FD54-4C11-B7EB-CE1DA31BB167}.Debug|Any CPU.ActiveCfg = Debug|Any CPU
		{EFC17283-FD54-4C11-B7EB-CE1DA31BB167}.Debug|Any CPU.Build.0 = Debug|Any CPU
		{EFC17283-FD54-4C11-B7EB-CE1DA31BB167}.Release|Any CPU.ActiveCfg = Release|Any CPU
		{EFC17283-FD54-4C11-B7EB-CE1DA31BB167}.Release|Any CPU.Build.0 = Release|Any CPU
	EndGlobalSection
	GlobalSection(SolutionProperties) = preSolution
		HideSolutionNode = FALSE
	EndGlobalSection
	GlobalSection(ExtensibilityGlobals) = postSolution
		SolutionGuid = {1929EB16-7DC5-4CFB-A425-69605E3C0B21}
	EndGlobalSection
EndGlobal
